{
  "pins" : [
    {
      "identity" : "effects-library",
      "kind" : "remoteSourceControl",
      "location" : "https://github.com/DaemonLoki/effects-library",
      "state" : {
        "branch" : "main",
        "revision" : "32aaa9fc152b74f45d0eb41406e5922e5a566baf"
      }
    }
  ],
  "version" : 2
}
